# This file is autogenerated, do not edit; changes may be undone by the next 'dep ensure'.


[[projects]]
  branch = "master"
  name = "github.com/erikstmartin/go-testdb"
  packages = ["."]
  revision = "8d10e4a1bae52cd8b81ffdec3445890d6dccab3d"

[solve-meta]
  analyzer-name = "dep"
  analyzer-version = 1
  inputs-digest = "03df749fa5cb6c05794ba64f6dbbf2a4ad3813a284ca54a9277dee0f8bba3a68"
  solver-name = "gps-cdcl"
  solver-version = 1
